// !$*UTF8*$!
{
	archiveVersion = 1;
	classes = {
	};
	objectVersion = 51;
	objects = {

/* Begin PBXBuildFile section */
		B7A244E50EE993EF44CAF281 /* Pods_Instagram.framework in Frameworks */ = {isa = PBXBuildFile; fileRef = A8B17737061C3B7BBECF1A6F /* Pods_Instagram.framework */; };
		DAAB2C9026B903E900FDC5A6 /* AppDelegate.swift in Sources */ = {isa = PBXBuildFile; fileRef = DAAB2C8F26B903E900FDC5A6 /* AppDelegate.swift */; };
		DAAB2C9226B903E900FDC5A6 /* SceneDelegate.swift in Sources */ = {isa = PBXBuildFile; fileRef = DAAB2C9126B903E900FDC5A6 /* SceneDelegate.swift */; };
		DAAB2C9726B903E900FDC5A6 /* Main.storyboard in Resources */ = {isa = PBXBuildFile; fileRef = DAAB2C9526B903E900FDC5A6 /* Main.storyboard */; };
		DAAB2C9926B903EA00FDC5A6 /* Assets.xcassets in Resources */ = {isa = PBXBuildFile; fileRef = DAAB2C9826B903EA00FDC5A6 /* Assets.xcassets */; };
		DAAB2C9C26B903EA00FDC5A6 /* LaunchScreen.storyboard in Resources */ = {isa = PBXBuildFile; fileRef = DAAB2C9A26B903EA00FDC5A6 /* LaunchScreen.storyboard */; };
		DAAB2CA426B904B100FDC5A6 /* LoginViewController.swift in Sources */ = {isa = PBXBuildFile; fileRef = DAAB2CA326B904B100FDC5A6 /* LoginViewController.swift */; };
		DAAB2CA826B904BF00FDC5A6 /* HomeViewController.swift in Sources */ = {isa = PBXBuildFile; fileRef = DAAB2CA726B904BF00FDC5A6 /* HomeViewController.swift */; };
		DAAB2CAB26B904D500FDC5A6 /* ImageSelectViewController.swift in Sources */ = {isa = PBXBuildFile; fileRef = DAAB2CAA26B904D500FDC5A6 /* ImageSelectViewController.swift */; };
		DAAB2CAE26B904E300FDC5A6 /* PostViewController.swift in Sources */ = {isa = PBXBuildFile; fileRef = DAAB2CAD26B904E300FDC5A6 /* PostViewController.swift */; };
		DAAB2CB126B904F100FDC5A6 /* SettingViewController.swift in Sources */ = {isa = PBXBuildFile; fileRef = DAAB2CB026B904F100FDC5A6 /* SettingViewController.swift */; };
		DAAB2CB926B92FD400FDC5A6 /* TabBarController.swift in Sources */ = {isa = PBXBuildFile; fileRef = DAAB2CB826B92FD400FDC5A6 /* TabBarController.swift */; };
		DAAB2CBC26B940FE00FDC5A6 /* GoogleService-Info.plist in Resources */ = {isa = PBXBuildFile; fileRef = DAAB2CBB26B940FE00FDC5A6 /* GoogleService-Info.plist */; };
		DAAB2D2826BE5B2600FDC5A6 /* Const.swift in Sources */ = {isa = PBXBuildFile; fileRef = DAAB2D2726BE5B2600FDC5A6 /* Const.swift */; };
		DAAB2D2B26BE5DDD00FDC5A6 /* PostData.swift in Sources */ = {isa = PBXBuildFile; fileRef = DAAB2D2A26BE5DDD00FDC5A6 /* PostData.swift */; };
		DAAB2D2F26BE5E3D00FDC5A6 /* PostTableViewCell.swift in Sources */ = {isa = PBXBuildFile; fileRef = DAAB2D2D26BE5E3D00FDC5A6 /* PostTableViewCell.swift */; };
		DAAB2D3026BE5E3D00FDC5A6 /* PostTableViewCell.xib in Resources */ = {isa = PBXBuildFile; fileRef = DAAB2D2E26BE5E3D00FDC5A6 /* PostTableViewCell.xib */; };
		DAAB2D5026C2A12A00FDC5A6 /* CommentViewController.swift in Sources */ = {isa = PBXBuildFile; fileRef = DAAB2D4F26C2A12A00FDC5A6 /* CommentViewController.swift */; };
/* End PBXBuildFile section */

/* Begin PBXFileReference section */
		18E93412A1294E67EB04CD18 /* Pods-Instagram.debug.xcconfig */ = {isa = PBXFileReference; includeInIndex = 1; lastKnownFileType = text.xcconfig; name = "Pods-Instagram.debug.xcconfig"; path = "Target Support Files/Pods-Instagram/Pods-Instagram.debug.xcconfig"; sourceTree = "<group>"; };
		A8B17737061C3B7BBECF1A6F /* Pods_Instagram.framework */ = {isa = PBXFileReference; explicitFileType = wrapper.framework; includeInIndex = 0; path = Pods_Instagram.framework; sourceTree = BUILT_PRODUCTS_DIR; };
		C7D50D6B50A9CE5793FD71CB /* Pods-Instagram.release.xcconfig */ = {isa = PBXFileReference; includeInIndex = 1; lastKnownFileType = text.xcconfig; name = "Pods-Instagram.release.xcconfig"; path = "Target Support Files/Pods-Instagram/Pods-Instagram.release.xcconfig"; sourceTree = "<group>"; };
		DAAB2C8C26B903E900FDC5A6 /* Instagram.app */ = {isa = PBXFileReference; explicitFileType = wrapper.application; includeInIndex = 0; path = Instagram.app; sourceTree = BUILT_PRODUCTS_DIR; };
		DAAB2C8F26B903E900FDC5A6 /* AppDelegate.swift */ = {isa = PBXFileReference; lastKnownFileType = sourcecode.swift; path = AppDelegate.swift; sourceTree = "<group>"; };
		DAAB2C9126B903E900FDC5A6 /* SceneDelegate.swift */ = {isa = PBXFileReference; lastKnownFileType = sourcecode.swift; path = SceneDelegate.swift; sourceTree = "<group>"; };
		DAAB2C9626B903E900FDC5A6 /* Base */ = {isa = PBXFileReference; lastKnownFileType = file.storyboard; name = Base; path = Base.lproj/Main.storyboard; sourceTree = "<group>"; };
		DAAB2C9826B903EA00FDC5A6 /* Assets.xcassets */ = {isa = PBXFileReference; lastKnownFileType = folder.assetcatalog; path = Assets.xcassets; sourceTree = "<group>"; };
		DAAB2C9B26B903EA00FDC5A6 /* Base */ = {isa = PBXFileReference; lastKnownFileType = file.storyboard; name = Base; path = Base.lproj/LaunchScreen.storyboard; sourceTree = "<group>"; };
		DAAB2C9D26B903EA00FDC5A6 /* Info.plist */ = {isa = PBXFileReference; lastKnownFileType = text.plist.xml; path = Info.plist; sourceTree = "<group>"; };
		DAAB2CA326B904B100FDC5A6 /* LoginViewController.swift */ = {isa = PBXFileReference; lastKnownFileType = sourcecode.swift; path = LoginViewController.swift; sourceTree = "<group>"; };
		DAAB2CA726B904BF00FDC5A6 /* HomeViewController.swift */ = {isa = PBXFileReference; lastKnownFileType = sourcecode.swift; path = HomeViewController.swift; sourceTree = "<group>"; };
		DAAB2CAA26B904D500FDC5A6 /* ImageSelectViewController.swift */ = {isa = PBXFileReference; lastKnownFileType = sourcecode.swift; path = ImageSelectViewController.swift; sourceTree = "<group>"; };
		DAAB2CAD26B904E300FDC5A6 /* PostViewController.swift */ = {isa = PBXFileReference; lastKnownFileType = sourcecode.swift; path = PostViewController.swift; sourceTree = "<group>"; };
		DAAB2CB026B904F100FDC5A6 /* SettingViewController.swift */ = {isa = PBXFileReference; lastKnownFileType = sourcecode.swift; path = SettingViewController.swift; sourceTree = "<group>"; };
		DAAB2CB826B92FD400FDC5A6 /* TabBarController.swift */ = {isa = PBXFileReference; lastKnownFileType = sourcecode.swift; path = TabBarController.swift; sourceTree = "<group>"; };
		DAAB2CBB26B940FE00FDC5A6 /* GoogleService-Info.plist */ = {isa = PBXFileReference; fileEncoding = 4; lastKnownFileType = text.plist.xml; path = "GoogleService-Info.plist"; sourceTree = "<group>"; };
		DAAB2D2726BE5B2600FDC5A6 /* Const.swift */ = {isa = PBXFileReference; lastKnownFileType = sourcecode.swift; path = Const.swift; sourceTree = "<group>"; };
		DAAB2D2A26BE5DDD00FDC5A6 /* PostData.swift */ = {isa = PBXFileReference; lastKnownFileType = sourcecode.swift; path = PostData.swift; sourceTree = "<group>"; };
		DAAB2D2D26BE5E3D00FDC5A6 /* PostTableViewCell.swift */ = {isa = PBXFileReference; lastKnownFileType = sourcecode.swift; path = PostTableViewCell.swift; sourceTree = "<group>"; };
		DAAB2D2E26BE5E3D00FDC5A6 /* PostTableViewCell.xib */ = {isa = PBXFileReference; lastKnownFileType = file.xib; path = PostTableViewCell.xib; sourceTree = "<group>"; };
		DAAB2D4F26C2A12A00FDC5A6 /* CommentViewController.swift */ = {isa = PBXFileReference; lastKnownFileType = sourcecode.swift; path = CommentViewController.swift; sourceTree = "<group>"; };
/* End PBXFileReference section */

/* Begin PBXFrameworksBuildPhase section */
		DAAB2C8926B903E900FDC5A6 /* Frameworks */ = {
			isa = PBXFrameworksBuildPhase;
			buildActionMask = 2147483647;
			files = (
				B7A244E50EE993EF44CAF281 /* Pods_Instagram.framework in Frameworks */,
			);
			runOnlyForDeploymentPostprocessing = 0;
		};
/* End PBXFrameworksBuildPhase section */

/* Begin PBXGroup section */
		07401989F55ED64AE16B4D25 /* Frameworks */ = {
			isa = PBXGroup;
			children = (
				A8B17737061C3B7BBECF1A6F /* Pods_Instagram.framework */,
			);
			name = Frameworks;
			sourceTree = "<group>";
		};
		07614907CE38E0DF580884AD /* Pods */ = {
			isa = PBXGroup;
			children = (
				18E93412A1294E67EB04CD18 /* Pods-Instagram.debug.xcconfig */,
				C7D50D6B50A9CE5793FD71CB /* Pods-Instagram.release.xcconfig */,
			);
			path = Pods;
			sourceTree = "<group>";
		};
		DAAB2C8326B903E900FDC5A6 = {
			isa = PBXGroup;
			children = (
				DAAB2C8E26B903E900FDC5A6 /* Instagram */,
				DAAB2C8D26B903E900FDC5A6 /* Products */,
				07614907CE38E0DF580884AD /* Pods */,
				07401989F55ED64AE16B4D25 /* Frameworks */,
			);
			sourceTree = "<group>";
		};
		DAAB2C8D26B903E900FDC5A6 /* Products */ = {
			isa = PBXGroup;
			children = (
				DAAB2C8C26B903E900FDC5A6 /* Instagram.app */,
			);
			name = Products;
			sourceTree = "<group>";
		};
		DAAB2C8E26B903E900FDC5A6 /* Instagram */ = {
			isa = PBXGroup;
			children = (
				DAAB2C8F26B903E900FDC5A6 /* AppDelegate.swift */,
				DAAB2C9126B903E900FDC5A6 /* SceneDelegate.swift */,
				DAAB2C9526B903E900FDC5A6 /* Main.storyboard */,
				DAAB2C9826B903EA00FDC5A6 /* Assets.xcassets */,
				DAAB2C9A26B903EA00FDC5A6 /* LaunchScreen.storyboard */,
				DAAB2C9D26B903EA00FDC5A6 /* Info.plist */,
				DAAB2CBB26B940FE00FDC5A6 /* GoogleService-Info.plist */,
				DAAB2CA326B904B100FDC5A6 /* LoginViewController.swift */,
				DAAB2CA726B904BF00FDC5A6 /* HomeViewController.swift */,
				DAAB2CAA26B904D500FDC5A6 /* ImageSelectViewController.swift */,
				DAAB2CAD26B904E300FDC5A6 /* PostViewController.swift */,
				DAAB2D2A26BE5DDD00FDC5A6 /* PostData.swift */,
				DAAB2D2D26BE5E3D00FDC5A6 /* PostTableViewCell.swift */,
				DAAB2D2E26BE5E3D00FDC5A6 /* PostTableViewCell.xib */,
				DAAB2CB026B904F100FDC5A6 /* SettingViewController.swift */,
				DAAB2CB826B92FD400FDC5A6 /* TabBarController.swift */,
				DAAB2D2726BE5B2600FDC5A6 /* Const.swift */,
				DAAB2D4F26C2A12A00FDC5A6 /* CommentViewController.swift */,
			);
			path = Instagram;
			sourceTree = "<group>";
		};
/* End PBXGroup section */

/* Begin PBXNativeTarget section */
		DAAB2C8B26B903E900FDC5A6 /* Instagram */ = {
			isa = PBXNativeTarget;
			buildConfigurationList = DAAB2CA026B903EA00FDC5A6 /* Build configuration list for PBXNativeTarget "Instagram" */;
			buildPhases = (
				687FD947A10FF251F7D419C1 /* [CP] Check Pods Manifest.lock */,
				DAAB2C8826B903E900FDC5A6 /* Sources */,
				DAAB2C8926B903E900FDC5A6 /* Frameworks */,
				DAAB2C8A26B903E900FDC5A6 /* Resources */,
				A25FFF14344086367F0BA6C7 /* [CP] Embed Pods Frameworks */,
			);
			buildRules = (
			);
			dependencies = (
			);
			name = Instagram;
			productName = Instagram;
			productReference = DAAB2C8C26B903E900FDC5A6 /* Instagram.app */;
			productType = "com.apple.product-type.application";
		};
/* End PBXNativeTarget section */

/* Begin PBXProject section */
		DAAB2C8426B903E900FDC5A6 /* Project object */ = {
			isa = PBXProject;
			attributes = {
				LastSwiftUpdateCheck = 1220;
				LastUpgradeCheck = 1220;
				TargetAttributes = {
					DAAB2C8B26B903E900FDC5A6 = {
						CreatedOnToolsVersion = 12.2;
					};
				};
			};
			buildConfigurationList = DAAB2C8726B903E900FDC5A6 /* Build configuration list for PBXProject "Instagram" */;
			compatibilityVersion = "Xcode 9.3";
			developmentRegion = en;
			hasScannedForEncodings = 0;
			knownRegions = (
				en,
				Base,
			);
			mainGroup = DAAB2C8326B903E900FDC5A6;
			productRefGroup = DAAB2C8D26B903E900FDC5A6 /* Products */;
			projectDirPath = "";
			projectRoot = "";
			targets = (
				DAAB2C8B26B903E900FDC5A6 /* Instagram */,
			);
		};
/* End PBXProject section */

/* Begin PBXResourcesBuildPhase section */
		DAAB2C8A26B903E900FDC5A6 /* Resources */ = {
			isa = PBXResourcesBuildPhase;
			buildActionMask = 2147483647;
			files = (
				DAAB2C9C26B903EA00FDC5A6 /* LaunchScreen.storyboard in Resources */,
				DAAB2D3026BE5E3D00FDC5A6 /* PostTableViewCell.xib in Resources */,
				DAAB2CBC26B940FE00FDC5A6 /* GoogleService-Info.plist in Resources */,
				DAAB2C9926B903EA00FDC5A6 /* Assets.xcassets in Resources */,
				DAAB2C9726B903E900FDC5A6 /* Main.storyboard in Resources */,
			);
			runOnlyForDeploymentPostprocessing = 0;
		};
/* End PBXResourcesBuildPhase section */

/* Begin PBXShellScriptBuildPhase section */
		687FD947A10FF251F7D419C1 /* [CP] Check Pods Manifest.lock */ = {
			isa = PBXShellScriptBuildPhase;
			buildActionMask = 2147483647;
			files = (
			);
			inputFileListPaths = (
			);
			inputPaths = (
				"${PODS_PODFILE_DIR_PATH}/Podfile.lock",
				"${PODS_ROOT}/Manifest.lock",
			);
			name = "[CP] Check Pods Manifest.lock";
			outputFileListPaths = (
			);
			outputPaths = (
				"$(DERIVED_FILE_DIR)/Pods-Instagram-checkManifestLockResult.txt",
			);
			runOnlyForDeploymentPostprocessing = 0;
			shellPath = /bin/sh;
			shellScript = "diff \"${PODS_PODFILE_DIR_PATH}/Podfile.lock\" \"${PODS_ROOT}/Manifest.lock\" > /dev/null\nif [ $? != 0 ] ; then\n    # print error to STDERR\n    echo \"error: The sandbox is not in sync with the Podfile.lock. Run 'pod install' or update your CocoaPods installation.\" >&2\n    exit 1\nfi\n# This output is used by Xcode 'outputs' to avoid re-running this script phase.\necho \"SUCCESS\" > \"${SCRIPT_OUTPUT_FILE_0}\"\n";
			showEnvVarsInLog = 0;
		};
		A25FFF14344086367F0BA6C7 /* [CP] Embed Pods Frameworks */ = {
			isa = PBXShellScriptBuildPhase;
			buildActionMask = 2147483647;
			files = (
			);
			inputFileListPaths = (
				"${PODS_ROOT}/Target Support Files/Pods-Instagram/Pods-Instagram-frameworks-${CONFIGURATION}-input-files.xcfilelist",
			);
			name = "[CP] Embed Pods Frameworks";
			outputFileListPaths = (
				"${PODS_ROOT}/Target Support Files/Pods-Instagram/Pods-Instagram-frameworks-${CONFIGURATION}-output-files.xcfilelist",
			);
			runOnlyForDeploymentPostprocessing = 0;
			shellPath = /bin/sh;
			shellScript = "\"${PODS_ROOT}/Target Support Files/Pods-Instagram/Pods-Instagram-frameworks.sh\"\n";
			showEnvVarsInLog = 0;
		};
/* End PBXShellScriptBuildPhase section */

/* Begin PBXSourcesBuildPhase section */
		DAAB2C8826B903E900FDC5A6 /* Sources */ = {
			isa = PBXSourcesBuildPhase;
			buildActionMask = 2147483647;
			files = (
				DAAB2D2F26BE5E3D00FDC5A6 /* PostTableViewCell.swift in Sources */,
				DAAB2CAB26B904D500FDC5A6 /* ImageSelectViewController.swift in Sources */,
				DAAB2CB926B92FD400FDC5A6 /* TabBarController.swift in Sources */,
				DAAB2CA826B904BF00FDC5A6 /* HomeViewController.swift in Sources */,
				DAAB2CAE26B904E300FDC5A6 /* PostViewController.swift in Sources */,
				DAAB2CB126B904F100FDC5A6 /* SettingViewController.swift in Sources */,
				DAAB2D2B26BE5DDD00FDC5A6 /* PostData.swift in Sources */,
				DAAB2CA426B904B100FDC5A6 /* LoginViewController.swift in Sources */,
				DAAB2D5026C2A12A00FDC5A6 /* CommentViewController.swift in Sources */,
				DAAB2C9026B903E900FDC5A6 /* AppDelegate.swift in Sources */,
				DAAB2C9226B903E900FDC5A6 /* SceneDelegate.swift in Sources */,
				DAAB2D2826BE5B2600FDC5A6 /* Const.swift in Sources */,
			);
			runOnlyForDeploymentPostprocessing = 0;
		};
/* End PBXSourcesBuildPhase section */

/* Begin PBXVariantGroup section */
		DAAB2C9526B903E900FDC5A6 /* Main.storyboard */ = {
			isa = PBXVariantGroup;
			children = (
				DAAB2C9626B903E900FDC5A6 /* Base */,
			);
			name = Main.storyboard;
			sourceTree = "<group>";
		};
		DAAB2C9A26B903EA00FDC5A6 /* LaunchScreen.storyboard */ = {
			isa = PBXVariantGroup;
			children = (
				DAAB2C9B26B903EA00FDC5A6 /* Base */,
			);
			name = LaunchScreen.storyboard;
			sourceTree = "<group>";
		};
/* End PBXVariantGroup section */

/* Begin XCBuildConfiguration section */
		DAAB2C9E26B903EA00FDC5A6 /* Debug */ = {
			isa = XCBuildConfiguration;
			buildSettings = {
				ALWAYS_SEARCH_USER_PATHS = NO;
				CLANG_ANALYZER_NONNULL = YES;
				CLANG_ANALYZER_NUMBER_OBJECT_CONVERSION = YES_AGGRESSIVE;
				CLANG_CXX_LANGUAGE_STANDARD = "gnu++14";
				CLANG_CXX_LIBRARY = "libc++";
				CLANG_ENABLE_MODULES = YES;
				CLANG_ENABLE_OBJC_ARC = YES;
				CLANG_ENABLE_OBJC_WEAK = YES;
				CLANG_WARN_BLOCK_CAPTURE_AUTORELEASING = YES;
				CLANG_WARN_BOOL_CONVERSION = YES;
				CLANG_WARN_COMMA = YES;
				CLANG_WARN_CONSTANT_CONVERSION = YES;
				CLANG_WARN_DEPRECATED_OBJC_IMPLEMENTATIONS = YES;
				CLANG_WARN_DIRECT_OBJC_ISA_USAGE = YES_ERROR;
				CLANG_WARN_DOCUMENTATION_COMMENTS = YES;
				CLANG_WARN_EMPTY_BODY = YES;
				CLANG_WARN_ENUM_CONVERSION = YES;
				CLANG_WARN_INFINITE_RECURSION = YES;
				CLANG_WARN_INT_CONVERSION = YES;
				CLANG_WARN_NON_LITERAL_NULL_CONVERSION = YES;
				CLANG_WARN_OBJC_IMPLICIT_RETAIN_SELF = YES;
				CLANG_WARN_OBJC_LITERAL_CONVERSION = YES;
				CLANG_WARN_OBJC_ROOT_CLASS = YES_ERROR;
				CLANG_WARN_QUOTED_INCLUDE_IN_FRAMEWORK_HEADER = YES;
				CLANG_WARN_RANGE_LOOP_ANALYSIS = YES;
				CLANG_WARN_STRICT_PROTOTYPES = YES;
				CLANG_WARN_SUSPICIOUS_MOVE = YES;
				CLANG_WARN_UNGUARDED_AVAILABILITY = YES_AGGRESSIVE;
				CLANG_WARN_UNREACHABLE_CODE = YES;
				CLANG_WARN__DUPLICATE_METHOD_MATCH = YES;
				COPY_PHASE_STRIP = NO;
				DEBUG_INFORMATION_FORMAT = dwarf;
				ENABLE_STRICT_OBJC_MSGSEND = YES;
				ENABLE_TESTABILITY = YES;
				GCC_C_LANGUAGE_STANDARD = gnu11;
				GCC_DYNAMIC_NO_PIC = NO;
				GCC_NO_COMMON_BLOCKS = YES;
				GCC_OPTIMIZATION_LEVEL = 0;
				GCC_PREPROCESSOR_DEFINITIONS = (
					"DEBUG=1",
					"$(inherited)",
				);
				GCC_WARN_64_TO_32_BIT_CONVERSION = YES;
				GCC_WARN_ABOUT_RETURN_TYPE = YES_ERROR;
				GCC_WARN_UNDECLARED_SELECTOR = YES;
				GCC_WARN_UNINITIALIZED_AUTOS = YES_AGGRESSIVE;
				GCC_WARN_UNUSED_FUNCTION = YES;
				GCC_WARN_UNUSED_VARIABLE = YES;
				IPHONEOS_DEPLOYMENT_TARGET = 14.2;
				MTL_ENABLE_DEBUG_INFO = INCLUDE_SOURCE;
				MTL_FAST_MATH = YES;
				ONLY_ACTIVE_ARCH = YES;
				SDKROOT = iphoneos;
				SWIFT_ACTIVE_COMPILATION_CONDITIONS = DEBUG;
				SWIFT_OPTIMIZATION_LEVEL = "-Onone";
			};
			name = Debug;
		};
		DAAB2C9F26B903EA00FDC5A6 /* Release */ = {
			isa = XCBuildConfiguration;
			buildSettings = {
				ALWAYS_SEARCH_USER_PATHS = NO;
				CLANG_ANALYZER_NONNULL = YES;
				CLANG_ANALYZER_NUMBER_OBJECT_CONVERSION = YES_AGGRESSIVE;
				CLANG_CXX_LANGUAGE_STANDARD = "gnu++14";
				CLANG_CXX_LIBRARY = "libc++";
				CLANG_ENABLE_MODULES = YES;
				CLANG_ENABLE_OBJC_ARC = YES;
				CLANG_ENABLE_OBJC_WEAK = YES;
				CLANG_WARN_BLOCK_CAPTURE_AUTORELEASING = YES;
				CLANG_WARN_BOOL_CONVERSION = YES;
				CLANG_WARN_COMMA = YES;
				CLANG_WARN_CONSTANT_CONVERSION = YES;
				CLANG_WARN_DEPRECATED_OBJC_IMPLEMENTATIONS = YES;
				CLANG_WARN_DIRECT_OBJC_ISA_USAGE = YES_ERROR;
				CLANG_WARN_DOCUMENTATION_COMMENTS = YES;
				CLANG_WARN_EMPTY_BODY = YES;
				CLANG_WARN_ENUM_CONVERSION = YES;
				CLANG_WARN_INFINITE_RECURSION = YES;
				CLANG_WARN_INT_CONVERSION = YES;
				CLANG_WARN_NON_LITERAL_NULL_CONVERSION = YES;
				CLANG_WARN_OBJC_IMPLICIT_RETAIN_SELF = YES;
				CLANG_WARN_OBJC_LITERAL_CONVERSION = YES;
				CLANG_WARN_OBJC_ROOT_CLASS = YES_ERROR;
				CLANG_WARN_QUOTED_INCLUDE_IN_FRAMEWORK_HEADER = YES;
				CLANG_WARN_RANGE_LOOP_ANALYSIS = YES;
				CLANG_WARN_STRICT_PROTOTYPES = YES;
				CLANG_WARN_SUSPICIOUS_MOVE = YES;
				CLANG_WARN_UNGUARDED_AVAILABILITY = YES_AGGRESSIVE;
				CLANG_WARN_UNREACHABLE_CODE = YES;
				CLANG_WARN__DUPLICATE_METHOD_MATCH = YES;
				COPY_PHASE_STRIP = NO;
				DEBUG_INFORMATION_FORMAT = "dwarf-with-dsym";
				ENABLE_NS_ASSERTIONS = NO;
				ENABLE_STRICT_OBJC_MSGSEND = YES;
				GCC_C_LANGUAGE_STANDARD = gnu11;
				GCC_NO_COMMON_BLOCKS = YES;
				GCC_WARN_64_TO_32_BIT_CONVERSION = YES;
				GCC_WARN_ABOUT_RETURN_TYPE = YES_ERROR;
				GCC_WARN_UNDECLARED_SELECTOR = YES;
				GCC_WARN_UNINITIALIZED_AUTOS = YES_AGGRESSIVE;
				GCC_WARN_UNUSED_FUNCTION = YES;
				GCC_WARN_UNUSED_VARIABLE = YES;
				IPHONEOS_DEPLOYMENT_TARGET = 14.2;
				MTL_ENABLE_DEBUG_INFO = NO;
				MTL_FAST_MATH = YES;
				SDKROOT = iphoneos;
				SWIFT_COMPILATION_MODE = wholemodule;
				SWIFT_OPTIMIZATION_LEVEL = "-O";
				VALIDATE_PRODUCT = YES;
			};
			name = Release;
		};
		DAAB2CA126B903EA00FDC5A6 /* Debug */ = {
			isa = XCBuildConfiguration;
			baseConfigurationReference = 18E93412A1294E67EB04CD18 /* Pods-Instagram.debug.xcconfig */;
			buildSettings = {
				ASSETCATALOG_COMPILER_APPICON_NAME = AppIcon;
				ASSETCATALOG_COMPILER_GLOBAL_ACCENT_COLOR_NAME = AccentColor;
				CODE_SIGN_STYLE = Automatic;
				DEVELOPMENT_TEAM = 2F6N5M3944;
				INFOPLIST_FILE = Instagram/Info.plist;
				LD_RUNPATH_SEARCH_PATHS = (
					"$(inherited)",
					"@executable_path/Frameworks",
				);
				PRODUCT_BUNDLE_IDENTIFIER = jp.techacademy.sakituna.Instagram;
				PRODUCT_NAME = "$(TARGET_NAME)";
				SWIFT_VERSION = 5.0;
				TARGETED_DEVICE_FAMILY = 1;
			};
			name = Debug;
		};
		DAAB2CA226B903EA00FDC5A6 /* Release */ = {
			isa = XCBuildConfiguration;
			baseConfigurationReference = C7D50D6B50A9CE5793FD71CB /* Pods-Instagram.release.xcconfig */;
			buildSettings = {
				ASSETCATALOG_COMPILER_APPICON_NAME = AppIcon;
				ASSETCATALOG_COMPILER_GLOBAL_ACCENT_COLOR_NAME = AccentColor;
				CODE_SIGN_STYLE = Automatic;
				DEVELOPMENT_TEAM = 2F6N5M3944;
				INFOPLIST_FILE = Instagram/Info.plist;
				LD_RUNPATH_SEARCH_PATHS = (
					"$(inherited)",
					"@executable_path/Frameworks",
				);
				PRODUCT_BUNDLE_IDENTIFIER = jp.techacademy.sakituna.Instagram;
				PRODUCT_NAME = "$(TARGET_NAME)";
				SWIFT_VERSION = 5.0;
				TARGETED_DEVICE_FAMILY = 1;
			};
			name = Release;
		};
/* End XCBuildConfiguration section */

/* Begin XCConfigurationList section */
		DAAB2C8726B903E900FDC5A6 /* Build configuration list for PBXProject "Instagram" */ = {
			isa = XCConfigurationList;
			buildConfigurations = (
				DAAB2C9E26B903EA00FDC5A6 /* Debug */,
				DAAB2C9F26B903EA00FDC5A6 /* Release */,
			);
			defaultConfigurationIsVisible = 0;
			defaultConfigurationName = Release;
		};
		DAAB2CA026B903EA00FDC5A6 /* Build configuration list for PBXNativeTarget "Instagram" */ = {
			isa = XCConfigurationList;
			buildConfigurations = (
				DAAB2CA126B903EA00FDC5A6 /* Debug */,
				DAAB2CA226B903EA00FDC5A6 /* Release */,
			);
			defaultConfigurationIsVisible = 0;
			defaultConfigurationName = Release;
		};
/* End XCConfigurationList section */
	};
	rootObject = DAAB2C8426B903E900FDC5A6 /* Project object */;
}
